
Microsoft Visual Studio Solution File, Format Version 12.00
# Visual Studio Version 16
VisualStudioVersion = 16.0.29009.5
MinimumVisualStudioVersion = 10.0.40219.1
Project("{8BC9CEB8-8B4A-11D0-8D11-00A0C91BC942}") = "translate", "translate.vcxproj", "{18F4B244-26E1-4585-B923-B9928D42396B}"
EndProject
Project("{8BC9CEB8-8B4A-11D0-8D11-00A0C91BC942}") = "TranslateTest", "..\TranslateTest\TranslateTest.vcxproj", "{12A735EF-069A-4EB5-ACE5-4717B7313F0F}"
EndProject
Global
	GlobalSection(SolutionConfigurationPlatforms) = preSolution
		Debug|x64 = Debug|x64
		Debug|x86 = Debug|x86
		Release|x64 = Release|x64
		Release|x86 = Release|x86
	EndGlobalSection
	GlobalSection(ProjectConfigurationPlatforms) = postSolution
		{18F4B244-26E1-4585-B923-B9928D42396B}.Debug|x64.ActiveCfg = Debug|x64
		{18F4B244-26E1-4585-B923-B9928D42396B}.Debug|x64.Build.0 = Debug|x64
		{18F4B244-26E1-4585-B923-B9928D42396B}.Debug|x86.ActiveCfg = Debug|Win32
		{18F4B244-26E1-4585-B923-B9928D42396B}.Debug|x86.Build.0 = Debug|Win32
		{18F4B244-26E1-4585-B923-B9928D42396B}.Release|x64.ActiveCfg = Release|x64
		{18F4B244-26E1-4585-B923-B9928D42396B}.Release|x64.Build.0 = Release|x64
		{18F4B244-26E1-4585-B923-B9928D42396B}.Release|x86.ActiveCfg = Release|Win32
		{18F4B244-26E1-4585-B923-B9928D42396B}.Release|x86.Build.0 = Release|Win32
		{12A735EF-069A-4EB5-ACE5-4717B7313F0F}.Debug|x64.ActiveCfg = Debug|x64
		{12A735EF-069A-4EB5-ACE5-4717B7313F0F}.Debug|x64.Build.0 = Debug|x64
		{12A735EF-069A-4EB5-ACE5-4717B7313F0F}.Debug|x86.ActiveCfg = Debug|Win32
		{12A735EF-069A-4EB5-ACE5-4717B7313F0F}.Debug|x86.Build.0 = Debug|Win32
		{12A735EF-069A-4EB5-ACE5-4717B7313F0F}.Release|x64.ActiveCfg = Release|x64
		{12A735EF-069A-4EB5-ACE5-4717B7313F0F}.Release|x64.Build.0 = Release|x64
		{12A735EF-069A-4EB5-ACE5-4717B7313F0F}.Release|x86.ActiveCfg = Release|Win32
		{12A735EF-069A-4EB5-ACE5-4717B7313F0F}.Release|x86.Build.0 = Release|Win32
	EndGlobalSection
	GlobalSection(SolutionProperties) = preSolution
		HideSolutionNode = FALSE
	EndGlobalSection
	GlobalSection(ExtensibilityGlobals) = postSolution
		SolutionGuid = {96AB4966-D08F-4CBE-8ECE-881C116AC78F}
	EndGlobalSection
EndGlobal
